
Microsoft Visual Studio Solution File, Format Version 12.00
# Visual Studio Version 16
VisualStudioVersion = 16.0.30717.126
MinimumVisualStudioVersion = 10.0.40219.1
Project("{FAE04EC0-301F-11D3-BF4B-00C04F79EFBC}") = "HotelTsgWebApplication", "HotelTsgWebApplication\HotelTsgWebApplication.csproj", "{F660F836-28B2-4676-931E-2795AD7C9BDC}"
EndProject
Project("{FAE04EC0-301F-11D3-BF4B-00C04F79EFBC}") = "HotelDataAccess", "HotelDataAccess\HotelDataAccess.csproj", "{C163D2BF-B455-488F-B387-794901946953}"
EndProject
Global
	GlobalSection(SolutionConfigurationPlatforms) = preSolution
		Debug|Any CPU = Debug|Any CPU
		Release|Any CPU = Release|Any CPU
	EndGlobalSection
	GlobalSection(ProjectConfigurationPlatforms) = postSolution
		{F660F836-28B2-4676-931E-2795AD7C9BDC}.Debug|Any CPU.ActiveCfg = Debug|Any CPU
		{F660F836-28B2-4676-931E-2795AD7C9BDC}.Debug|Any CPU.Build.0 = Debug|Any CPU
		{F660F836-28B2-4676-931E-2795AD7C9BDC}.Release|Any CPU.ActiveCfg = Release|Any CPU
		{F660F836-28B2-4676-931E-2795AD7C9BDC}.Release|Any CPU.Build.0 = Release|Any CPU
		{C163D2BF-B455-488F-B387-794901946953}.Debug|Any CPU.ActiveCfg = Debug|Any CPU
		{C163D2BF-B455-488F-B387-794901946953}.Debug|Any CPU.Build.0 = Debug|Any CPU
		{C163D2BF-B455-488F-B387-794901946953}.Release|Any CPU.ActiveCfg = Release|Any CPU
		{C163D2BF-B455-488F-B387-794901946953}.Release|Any CPU.Build.0 = Release|Any CPU
	EndGlobalSection
	GlobalSection(SolutionProperties) = preSolution
		HideSolutionNode = FALSE
	EndGlobalSection
	GlobalSection(ExtensibilityGlobals) = postSolution
		SolutionGuid = {8F42FAEE-45DA-410B-A2F4-42A0234CEBE8}
	EndGlobalSection
EndGlobal
